{
  "name": "language-cql",
  "version": "2.0.4-beta.2",
  "lockfileVersion": 1,
  "requires": true,
  "dependencies": {
    "apm": {
      "version": "1.0.2",
      "resolved": "https://registry.npmjs.org/apm/-/apm-1.0.2.tgz",
      "integrity": "sha1-ySEydeBaY46y5nv6YOkXPspfyks="
    },
    "atom-languageclient": {
      "version": "0.8.3",
      "resolved": "https://registry.npmjs.org/atom-languageclient/-/atom-languageclient-0.8.3.tgz",
      "integrity": "sha1-jOPHWAUXg6U6HTiIlufZnU/I4Qw=",
      "requires": {
        "fuzzaldrin-plus": "^0.6.0",
        "vscode-jsonrpc": "^3.5.0"
      }
    },
    "atom-package-deps": {
      "version": "5.1.0",
      "resolved": "https://registry.npmjs.org/atom-package-deps/-/atom-package-deps-5.1.0.tgz",
      "integrity": "sha512-RGktH8NSFBJ5rdwuta3M7DbFdDr1EgrXo7uW7DQR/+lWJZcrfH2yxobnSdb/g1JM1tTvLyRYmZYOeRJGqQ9UGw==",
      "requires": {
        "sb-fs": "^4.0.0",
        "semver": "^6.0.0"
      }
    },
    "child_process": {
      "version": "1.0.2",
      "resolved": "https://registry.npmjs.org/child_process/-/child_process-1.0.2.tgz",
      "integrity": "sha1-sffn/HPSXn/R1FWtyU4UODAYK1o="
    },
    "fuzzaldrin-plus": {
      "version": "0.6.0",
      "resolved": "https://registry.npmjs.org/fuzzaldrin-plus/-/fuzzaldrin-plus-0.6.0.tgz",
      "integrity": "sha1-gy9kifvodnaUWVmckUpnDsIpR+4="
    },
    "inherits": {
      "version": "2.0.3",
      "resolved": "https://registry.npmjs.org/inherits/-/inherits-2.0.3.tgz",
      "integrity": "sha1-Yzwsg+PaQqUC9SRmAiSA9CCCYd4="
    },
    "is-utf8": {
      "version": "0.2.1",
      "resolved": "https://registry.npmjs.org/is-utf8/-/is-utf8-0.2.1.tgz",
      "integrity": "sha1-Sw2hRCEE0bM2NA6AeX6GXPOffXI="
    },
    "path": {
      "version": "0.12.7",
      "resolved": "https://registry.npmjs.org/path/-/path-0.12.7.tgz",
      "integrity": "sha1-1NwqUGxM4hl+tIHr/NWzbAFAsQ8=",
      "requires": {
        "process": "^0.11.1",
        "util": "^0.10.3"
      }
    },
    "process": {
      "version": "0.11.10",
      "resolved": "https://registry.npmjs.org/process/-/process-0.11.10.tgz",
      "integrity": "sha1-czIwDoQBYb2j5podHZGn1LwW8YI="
    },
    "sb-fs": {
      "version": "4.0.0",
      "resolved": "https://registry.npmjs.org/sb-fs/-/sb-fs-4.0.0.tgz",
      "integrity": "sha512-UjjIHC4uahPWvKYqgknvFCCJ11S0oDahz+nsmyTCAmARKto31aoE+Lu7GGGK0nogengJEKGzFdh46ho5+IL88Q==",
      "requires": {
        "strip-bom-buf": "^1.0.0"
      }
    },
    "semver": {
      "version": "6.1.1",
      "resolved": "https://registry.npmjs.org/semver/-/semver-6.1.1.tgz",
      "integrity": "sha512-rWYq2e5iYW+fFe/oPPtYJxYgjBm8sC4rmoGdUOgBB7VnwKt6HrL793l2voH1UlsyYZpJ4g0wfjnTEO1s1NP2eQ=="
    },
    "strip-bom-buf": {
      "version": "1.0.0",
      "resolved": "https://registry.npmjs.org/strip-bom-buf/-/strip-bom-buf-1.0.0.tgz",
      "integrity": "sha1-HLRar1dTD0yvhsf3UXnSyaUd1XI=",
      "requires": {
        "is-utf8": "^0.2.1"
      }
    },
    "util": {
      "version": "0.10.4",
      "resolved": "https://registry.npmjs.org/util/-/util-0.10.4.tgz",
      "integrity": "sha512-0Pm9hTQ3se5ll1XihRic3FDIku70C+iHUdT/W926rSgHV5QgXsYbKZN8MSC3tJtSkhuROzvsQjAaFENRXr+19A==",
      "requires": {
        "inherits": "2.0.3"
      }
    },
    "vscode-jsonrpc": {
      "version": "3.6.2",
      "resolved": "https://registry.npmjs.org/vscode-jsonrpc/-/vscode-jsonrpc-3.6.2.tgz",
      "integrity": "sha512-T24Jb5V48e4VgYliUXMnZ379ItbrXgOimweKaJshD84z+8q7ZOZjJan0MeDe+Ugb+uqERDVV8SBmemaGMSMugA=="
    }
  }
}
