# THIS IS AN AUTOGENERATED FILE. DO NOT EDIT THIS FILE DIRECTLY.
# yarn lockfile v1


"@types/atom@^1.26.0":
  version "1.40.9"
  resolved "https://registry.npmjs.org/@types/atom/-/atom-1.40.9.tgz"
  integrity sha512-ulAFivA0yzxbMrmjtT1edJ+VaOeUsaV9/ZG9429POm5BnhcgLkAsMpQnQCJeYiZ7ZEQCsQ9LMv1uf7PJj0QyOg==
  dependencies:
    "@types/node" "*"

"@types/classnames@^2.2.11":
  version "2.2.11"
  resolved "https://registry.npmjs.org/@types/classnames/-/classnames-2.2.11.tgz"
  integrity sha512-2koNhpWm3DgWRp5tpkiJ8JGc1xTn2q0l+jUNUE7oMKXUf5NpI9AIdC4kbjGNFBdHtcxBD18LAksoudAVhFKCjw==

"@types/dompurify@^2.2.1":
  version "2.2.1"
  resolved "https://registry.npmjs.org/@types/dompurify/-/dompurify-2.2.1.tgz"
  integrity sha512-3JwbEeRVQ3n6+JgBW/hCdkydRk9/vWT+UEglcXEJqLJEcUganDH37zlfLznxPKTZZfDqA9K229l1qN458ubcOQ==
  dependencies:
    "@types/trusted-types" "*"

"@types/jasmine@^3.6.4":
  version "3.6.6"
  resolved "https://registry.npmjs.org/@types/jasmine/-/jasmine-3.6.6.tgz"
  integrity sha512-kgl+oYOLCBt41iba8cetp+QPOqDAaTJnHtVPCE7JzYmda4juglRBLX35opVcANc7TLA/Lp0DEnajbUNnyxGC+Q==

"@types/node@*", "@types/node@^14.14.34":
  version "14.14.34"
  resolved "https://registry.npmjs.org/@types/node/-/node-14.14.34.tgz"
  integrity sha512-dBPaxocOK6UVyvhbnpFIj2W+S+1cBTkHQbFQfeeJhoKFbzYcVUGHvddeWPSucKATb3F0+pgDq0i6ghEaZjsugA==

"@types/prop-types@*":
  version "15.7.3"
  resolved "https://registry.npmjs.org/@types/prop-types/-/prop-types-15.7.3.tgz"
  integrity sha512-KfRL3PuHmqQLOG+2tGpRO26Ctg+Cq1E01D2DMriKEATHgWLfeNDmq9e29Q9WIky0dQ3NPkd1mzYH8Lm936Z9qw==

"@types/react-dom@^17.0.1":
  version "17.0.2"
  resolved "https://registry.npmjs.org/@types/react-dom/-/react-dom-17.0.2.tgz"
  integrity sha512-Icd9KEgdnFfJs39KyRyr0jQ7EKhq8U6CcHRMGAS45fp5qgUvxL3ujUCfWFttUK2UErqZNj97t9gsVPNAqcwoCg==
  dependencies:
    "@types/react" "*"

"@types/react@*", "@types/react@^17.0.2":
  version "17.0.3"
  resolved "https://registry.npmjs.org/@types/react/-/react-17.0.3.tgz"
  integrity sha512-wYOUxIgs2HZZ0ACNiIayItyluADNbONl7kt8lkLjVK8IitMH5QMyAh75Fwhmo37r1m7L2JaFj03sIfxBVDvRAg==
  dependencies:
    "@types/prop-types" "*"
    "@types/scheduler" "*"
    csstype "^3.0.2"

"@types/scheduler@*":
  version "0.16.1"
  resolved "https://registry.npmjs.org/@types/scheduler/-/scheduler-0.16.1.tgz"
  integrity sha512-EaCxbanVeyxDRTQBkdLb3Bvl/HK7PBK6UJjsSixB0iHKoWxE5uu2Q/DgtpOhPIojN0Zl1whvOd7PoHs2P0s5eA==

"@types/trusted-types@*":
  version "2.0.0"
  resolved "https://registry.npmjs.org/@types/trusted-types/-/trusted-types-2.0.0.tgz"
  integrity sha512-I8MnZqNXsOLHsU111oHbn3khtvKMi5Bn4qVFsIWSJcCP1KKDiXX5AEw8UPk0nSopeC+Hvxt6yAy1/a5PailFqg==

ajv@^6.12.3:
  version "6.12.6"
  resolved "https://registry.npmjs.org/ajv/-/ajv-6.12.6.tgz"
  integrity sha512-j3fVLgvTo527anyYyJOGTYJbG+vnnQYvE0m5mmkc1TK+nxAppkCLMIL0aZ4dblVCNoGShhm+kzE4ZUykBoMg4g==
  dependencies:
    fast-deep-equal "^3.1.1"
    fast-json-stable-stringify "^2.0.0"
    json-schema-traverse "^0.4.1"
    uri-js "^4.2.2"

apm@^1.0.2:
  version "1.0.2"
  resolved "https://registry.npmjs.org/apm/-/apm-1.0.2.tgz"
  integrity sha1-ySEydeBaY46y5nv6YOkXPspfyks=

array-filter@~0.0.0:
  version "0.0.1"
  resolved "https://registry.npmjs.org/array-filter/-/array-filter-0.0.1.tgz"
  integrity sha1-fajPLiZijtcygDWB/SH2fKzS7uw=

array-map@~0.0.0:
  version "0.0.0"
  resolved "https://registry.npmjs.org/array-map/-/array-map-0.0.0.tgz"
  integrity sha1-iKK6tz0c97zVwbEYoAP2b2ZfpmI=

array-reduce@~0.0.0:
  version "0.0.0"
  resolved "https://registry.npmjs.org/array-reduce/-/array-reduce-0.0.0.tgz"
  integrity sha1-FziZ0//Rx9k4PkR5Ul2+J4yrXys=

asn1@~0.2.3:
  version "0.2.4"
  resolved "https://registry.npmjs.org/asn1/-/asn1-0.2.4.tgz"
  integrity sha512-jxwzQpLQjSmWXgwaCZE9Nz+glAG01yF1QnWgbhGwHI5A6FRIEY6IVqtHhIepHqI7/kyEyQEagBC5mBEFlIYvdg==
  dependencies:
    safer-buffer "~2.1.0"

assert-plus@1.0.0, assert-plus@^1.0.0:
  version "1.0.0"
  resolved "https://registry.npmjs.org/assert-plus/-/assert-plus-1.0.0.tgz"
  integrity sha1-8S4PPF13sLHN2RRpQuTpbB5N1SU=

async-to-generator@1.1.0:
  version "1.1.0"
  resolved "https://registry.npmjs.org/async-to-generator/-/async-to-generator-1.1.0.tgz"
  integrity sha1-HiDtMd8A7r3tk6FGlRbwNiExNMY=

async@~0.2.9:
  version "0.2.10"
  resolved "https://registry.npmjs.org/async/-/async-0.2.10.tgz"
  integrity sha1-trvgsGdLnXGXCMo43owjfLUmw9E=

asynckit@^0.4.0:
  version "0.4.0"
  resolved "https://registry.npmjs.org/asynckit/-/asynckit-0.4.0.tgz"
  integrity sha1-x57Zf380y48robyXkLzDZkdLS3k=

atom-languageclient@^0.9.9:
  version "0.9.9"
  resolved "https://registry.npmjs.org/atom-languageclient/-/atom-languageclient-0.9.9.tgz"
  integrity sha512-eAKLFhprcDksPtDtG2lrhQEosNMxEbS7MISpw7n6TIoPmTgolvo+GPAF+nSV+Z9MCss91i+M+TNk9Mj5C7y/CQ==
  dependencies:
    fuzzaldrin-plus "^0.6.0"
    vscode-jsonrpc "4.0.0"
    vscode-languageserver-protocol "3.12.0"
    vscode-languageserver-types "3.12.0"

atom-package-deps@^5.1.0:
  version "5.1.0"
  resolved "https://registry.npmjs.org/atom-package-deps/-/atom-package-deps-5.1.0.tgz"
  integrity sha512-RGktH8NSFBJ5rdwuta3M7DbFdDr1EgrXo7uW7DQR/+lWJZcrfH2yxobnSdb/g1JM1tTvLyRYmZYOeRJGqQ9UGw==
  dependencies:
    sb-fs "^4.0.0"
    semver "^6.0.0"

aws-sign2@~0.7.0:
  version "0.7.0"
  resolved "https://registry.npmjs.org/aws-sign2/-/aws-sign2-0.7.0.tgz"
  integrity sha1-tG6JCTSpWR8tL2+G1+ap8bP+dqg=

aws4@^1.8.0:
  version "1.11.0"
  resolved "https://registry.npmjs.org/aws4/-/aws4-1.11.0.tgz"
  integrity sha512-xh1Rl34h6Fi1DC2WWKfxUTVqRsNnr6LsKz2+hfwDxQJWmrx8+c7ylaqBMcHfl1U1r2dsifOvKX3LQuLNZ+XSvA==

balanced-match@^1.0.0:
  version "1.0.0"
  resolved "https://registry.npmjs.org/balanced-match/-/balanced-match-1.0.0.tgz"
  integrity sha1-ibTRmasr7kneFk6gK4nORi1xt2c=

bcrypt-pbkdf@^1.0.0:
  version "1.0.2"
  resolved "https://registry.npmjs.org/bcrypt-pbkdf/-/bcrypt-pbkdf-1.0.2.tgz"
  integrity sha1-pDAdOJtqQ/m2f/PKEaP2Y342Dp4=
  dependencies:
    tweetnacl "^0.14.3"

brace-expansion@^1.1.7:
  version "1.1.11"
  resolved "https://registry.npmjs.org/brace-expansion/-/brace-expansion-1.1.11.tgz"
  integrity sha512-iCuPHDFgrHX7H2vEI/5xpz07zSHB00TpugqhmYtVmMO6518mCuRMoOYFldEBl0g187ufozdaHgWKcYFb61qGiA==
  dependencies:
    balanced-match "^1.0.0"
    concat-map "0.0.1"

caseless@~0.12.0:
  version "0.12.0"
  resolved "https://registry.npmjs.org/caseless/-/caseless-0.12.0.tgz"
  integrity sha1-G2gcIf+EAzyCZUMJBolCDRhxUdw=

child_process@^1.0.2:
  version "1.0.2"
  resolved "https://registry.npmjs.org/child_process/-/child_process-1.0.2.tgz"
  integrity sha1-sffn/HPSXn/R1FWtyU4UODAYK1o=

combined-stream@^1.0.6, combined-stream@~1.0.6:
  version "1.0.8"
  resolved "https://registry.npmjs.org/combined-stream/-/combined-stream-1.0.8.tgz"
  integrity sha512-FQN4MRfuJeHf7cBbBMJFXhKSDq+2kAArBlmRBvcvFE5BB1HZKXtSFASDhdlz9zOYwxh8lDdnvmMOe/+5cdoEdg==
  dependencies:
    delayed-stream "~1.0.0"

concat-map@0.0.1:
  version "0.0.1"
  resolved "https://registry.npmjs.org/concat-map/-/concat-map-0.0.1.tgz"
  integrity sha1-2Klr13/Wjfd5OnMDajug1UBdR3s=

core-util-is@1.0.2, core-util-is@~1.0.0:
  version "1.0.2"
  resolved "https://registry.npmjs.org/core-util-is/-/core-util-is-1.0.2.tgz"
  integrity sha1-tf1UIgqivFq1eqtxQMlAdUUDwac=

csstype@^3.0.2:
  version "3.0.7"
  resolved "https://registry.npmjs.org/csstype/-/csstype-3.0.7.tgz"
  integrity sha512-KxnUB0ZMlnUWCsx2Z8MUsr6qV6ja1w9ArPErJaJaF8a5SOWoHLIszeCTKGRGRgtLgYrs1E8CHkNSP1VZTTPc9g==

dashdash@^1.12.0:
  version "1.14.1"
  resolved "https://registry.npmjs.org/dashdash/-/dashdash-1.14.1.tgz"
  integrity sha1-hTz6D3y+L+1d4gMmuN1YEDX24vA=
  dependencies:
    assert-plus "^1.0.0"

date-format@^0.0.0:
  version "0.0.0"
  resolved "https://registry.npmjs.org/date-format/-/date-format-0.0.0.tgz"
  integrity sha1-CSBoY6sHDrRZrOpVQsvYVrEZZrM=

debug@^0.7.2:
  version "0.7.4"
  resolved "https://registry.npmjs.org/debug/-/debug-0.7.4.tgz"
  integrity sha1-BuHqgILCyxTjmAbiLi9vdX+Srzk=

debug@^2.2.0:
  version "2.6.9"
  resolved "https://registry.npmjs.org/debug/-/debug-2.6.9.tgz"
  integrity sha512-bC7ElrdJaJnPbAP+1EotYvqZsb3ecl5wi6Bfi6BJTUcNowp6cvspg0jXznRTKDjm/E7AdgFBVeAPVMNcKGsHMA==
  dependencies:
    ms "2.0.0"

deep-diff@^0.3.5:
  version "0.3.8"
  resolved "https://registry.npmjs.org/deep-diff/-/deep-diff-0.3.8.tgz"
  integrity sha1-wB3mPvsO7JeYgB1Ax+Da4ltYLIQ=

delayed-stream@~1.0.0:
  version "1.0.0"
  resolved "https://registry.npmjs.org/delayed-stream/-/delayed-stream-1.0.0.tgz"
  integrity sha1-3zrhmayt+31ECqrgsp4icrJOxhk=

domexception@1.0.1:
  version "1.0.1"
  resolved "https://registry.npmjs.org/domexception/-/domexception-1.0.1.tgz"
  integrity sha512-raigMkn7CJNNo6Ihro1fzG7wr3fHuYVytzquZKX5n0yizGsTcYgzdIUwj1X9pK0VvjeihV+XiclP+DjwbsSKug==
  dependencies:
    webidl-conversions "^4.0.2"

ecc-jsbn@~0.1.1:
  version "0.1.2"
  resolved "https://registry.npmjs.org/ecc-jsbn/-/ecc-jsbn-0.1.2.tgz"
  integrity sha1-OoOpBOVDUyh4dMVkt1SThoSamMk=
  dependencies:
    jsbn "~0.1.0"
    safer-buffer "^2.1.0"

escape-string-regexp@1.0.5:
  version "1.0.5"
  resolved "https://registry.npmjs.org/escape-string-regexp/-/escape-string-regexp-1.0.5.tgz"
  integrity sha1-G2HAViGQqN/2rjuyzwIAyhMLhtQ=

event-kit@2.2.0:
  version "2.2.0"
  resolved "https://registry.npmjs.org/event-kit/-/event-kit-2.2.0.tgz"
  integrity sha1-Kd9Q3q49bUwcYkUbEJJfKGQekos=

event-target-shim@3.0.1:
  version "3.0.1"
  resolved "https://registry.npmjs.org/event-target-shim/-/event-target-shim-3.0.1.tgz"
  integrity sha512-mgaF73LRFedJ9I4KGhd+0ZmWgMishY0FDgayG/LgxOHVFWC1lRi251uc6rX0Ml9F79KHyRU1lXuRzi/a/N+SnA==

extend@~3.0.2:
  version "3.0.2"
  resolved "https://registry.npmjs.org/extend/-/extend-3.0.2.tgz"
  integrity sha512-fjquC59cD7CyW6urNXK0FBufkZcoiGG80wTuPujX590cB5Ttln20E2UB4S/WARVqhXffZl2LNgS+gQdPIIim/g==

extsprintf@1.3.0, extsprintf@^1.2.0:
  version "1.3.0"
  resolved "https://registry.npmjs.org/extsprintf/-/extsprintf-1.3.0.tgz"
  integrity sha1-lpGEQOMEGnpBT4xS48V06zw+HgU=

fast-deep-equal@^3.1.1:
  version "3.1.3"
  resolved "https://registry.npmjs.org/fast-deep-equal/-/fast-deep-equal-3.1.3.tgz"
  integrity sha512-f3qQ9oQy9j2AhBe/H9VC91wLmKBCCU/gDOnKNAYG5hswO7BLKj09Hc5HYNz9cGI++xlpDCIgDaitVs03ATR84Q==

fast-json-stable-stringify@^2.0.0:
  version "2.1.0"
  resolved "https://registry.npmjs.org/fast-json-stable-stringify/-/fast-json-stable-stringify-2.1.0.tgz"
  integrity sha512-lhd/wF+Lk98HZoTCtlVraHtfh5XYijIjalXck7saUtuanSDyLMxnHhSXEDJqHxD7msR8D0uCmqlkwjCV8xvwHw==

file-url@^3.0.0:
  version "3.0.0"
  resolved "https://registry.npmjs.org/file-url/-/file-url-3.0.0.tgz"
  integrity sha512-g872QGsHexznxkIAdK8UiZRe7SkE6kvylShU4Nsj8NvfvZag7S0QuQ4IgvPDkk75HxgjIVDwycFTDAgIiO4nDA==

forever-agent@~0.6.1:
  version "0.6.1"
  resolved "https://registry.npmjs.org/forever-agent/-/forever-agent-0.6.1.tgz"
  integrity sha1-+8cfDEGt6zf5bFd60e1C2P2sypE=

form-data@~2.3.2:
  version "2.3.3"
  resolved "https://registry.npmjs.org/form-data/-/form-data-2.3.3.tgz"
  integrity sha512-1lLKB2Mu3aGP1Q/2eCOx0fNbRMe7XdwktwOruhfqqd0rIJWwN4Dh+E3hrPSlDCXnSR7UtZ1N38rVXm+6+MEhJQ==
  dependencies:
    asynckit "^0.4.0"
    combined-stream "^1.0.6"
    mime-types "^2.1.12"

fs-plus@2.9.3:
  version "2.9.3"
  resolved "https://registry.npmjs.org/fs-plus/-/fs-plus-2.9.3.tgz"
  integrity sha1-debXxX5FNklVoc+/xWP8WCDgz/I=
  dependencies:
    async "~0.2.9"
    mkdirp "~0.3.5"
    rimraf "~2.2.2"
    underscore-plus "1.x"

fs.realpath@^1.0.0:
  version "1.0.0"
  resolved "https://registry.npmjs.org/fs.realpath/-/fs.realpath-1.0.0.tgz"
  integrity sha1-FQStJSMVjKpA20onh8sBQRmU6k8=

fuzzaldrin-plus@^0.6.0:
  version "0.6.0"
  resolved "https://registry.npmjs.org/fuzzaldrin-plus/-/fuzzaldrin-plus-0.6.0.tgz"
  integrity sha1-gy9kifvodnaUWVmckUpnDsIpR+4=

getpass@^0.1.1:
  version "0.1.7"
  resolved "https://registry.npmjs.org/getpass/-/getpass-0.1.7.tgz"
  integrity sha1-Xv+OPmhNVprkyysSgmBOi6YhSfo=
  dependencies:
    assert-plus "^1.0.0"

glob@7.1.1, glob@^7.0.5:
  version "7.1.1"
  resolved "https://registry.npmjs.org/glob/-/glob-7.1.1.tgz"
  integrity sha1-gFIR3wT6rxxjo2ADBs31reULLsg=
  dependencies:
    fs.realpath "^1.0.0"
    inflight "^1.0.4"
    inherits "2"
    minimatch "^3.0.2"
    once "^1.3.0"
    path-is-absolute "^1.0.0"

glob@^6.0.1:
  version "6.0.4"
  resolved "https://registry.npmjs.org/glob/-/glob-6.0.4.tgz"
  integrity sha1-DwiGD2oVUSey+t1PnOJLGqtuTSI=
  dependencies:
    inflight "^1.0.4"
    inherits "2"
    minimatch "2 || 3"
    once "^1.3.0"
    path-is-absolute "^1.0.0"

glob@^7.1.3:
  version "7.1.6"
  resolved "https://registry.npmjs.org/glob/-/glob-7.1.6.tgz"
  integrity sha512-LwaxwyZ72Lk7vZINtNNrywX0ZuLyStrdDtabefZKAY5ZGJhVtgdznluResxNmPitE0SAO+O26sWTHeKSI2wMBA==
  dependencies:
    fs.realpath "^1.0.0"
    inflight "^1.0.4"
    inherits "2"
    minimatch "^3.0.4"
    once "^1.3.0"
    path-is-absolute "^1.0.0"

har-schema@^2.0.0:
  version "2.0.0"
  resolved "https://registry.npmjs.org/har-schema/-/har-schema-2.0.0.tgz"
  integrity sha1-qUwiJOvKwEeCoNkDVSHyRzW37JI=

har-validator@~5.1.3:
  version "5.1.5"
  resolved "https://registry.npmjs.org/har-validator/-/har-validator-5.1.5.tgz"
  integrity sha512-nmT2T0lljbxdQZfspsno9hgrG3Uir6Ks5afism62poxqBM6sDnMEuPmzTq8XN0OEwqKLLdh1jQI3qyE66Nzb3w==
  dependencies:
    ajv "^6.12.3"
    har-schema "^2.0.0"

http-signature@~1.2.0:
  version "1.2.0"
  resolved "https://registry.npmjs.org/http-signature/-/http-signature-1.2.0.tgz"
  integrity sha1-muzZJRFHcvPZW2WmCruPfBj7rOE=
  dependencies:
    assert-plus "^1.0.0"
    jsprim "^1.2.2"
    sshpk "^1.7.0"

idx@1.2.0:
  version "1.2.0"
  resolved "https://registry.npmjs.org/idx/-/idx-1.2.0.tgz"
  integrity sha1-vk9B+4K+1XH2U2Lnmt0n4K509pE=

inflight@^1.0.4:
  version "1.0.6"
  resolved "https://registry.npmjs.org/inflight/-/inflight-1.0.6.tgz"
  integrity sha1-Sb1jMdfQLQwJvJEKEHW6gWW1bfk=
  dependencies:
    once "^1.3.0"
    wrappy "1"

inherits@2, inherits@~2.0.1:
  version "2.0.4"
  resolved "https://registry.npmjs.org/inherits/-/inherits-2.0.4.tgz"
  integrity sha512-k/vGaX4/Yla3WzyMCvTQOXYeIHvqOKtnqBduzTHpzpQZzAskKMhZ2K+EnBiSM9zGSoIFeMpXKxa4dYeZIQqewQ==

inherits@2.0.3:
  version "2.0.3"
  resolved "https://registry.npmjs.org/inherits/-/inherits-2.0.3.tgz"
  integrity sha1-Yzwsg+PaQqUC9SRmAiSA9CCCYd4=

is-typedarray@~1.0.0:
  version "1.0.0"
  resolved "https://registry.npmjs.org/is-typedarray/-/is-typedarray-1.0.0.tgz"
  integrity sha1-5HnICFjfDBsR3dppQPlgEfzaSpo=

is-utf8@^0.2.1:
  version "0.2.1"
  resolved "https://registry.npmjs.org/is-utf8/-/is-utf8-0.2.1.tgz"
  integrity sha1-Sw2hRCEE0bM2NA6AeX6GXPOffXI=

isarray@0.0.1:
  version "0.0.1"
  resolved "https://registry.npmjs.org/isarray/-/isarray-0.0.1.tgz"
  integrity sha1-ihis/Kmo9Bd+Cav8YDiTmwXR7t8=

isstream@~0.1.2:
  version "0.1.2"
  resolved "https://registry.npmjs.org/isstream/-/isstream-0.1.2.tgz"
  integrity sha1-R+Y/evVa+m+S4VAOaQ64uFKcCZo=

jsbn@~0.1.0:
  version "0.1.1"
  resolved "https://registry.npmjs.org/jsbn/-/jsbn-0.1.1.tgz"
  integrity sha1-peZUwuWi3rXyAdls77yoDA7y9RM=

json-schema-traverse@^0.4.1:
  version "0.4.1"
  resolved "https://registry.npmjs.org/json-schema-traverse/-/json-schema-traverse-0.4.1.tgz"
  integrity sha512-xbbCH5dCYU5T8LcEhhuh7HJ88HXuW3qsI3Y0zOZFKfZEHcpWiHU/Jxzk629Brsab/mMiHQti9wMP+845RPe3Vg==

json-schema@0.4.0:
  version "0.4.0"
  resolved "https://registry.npmjs.org/json-schema/-/json-schema-0.4.0.tgz"
  integrity sha512-es94M3nTIfsEPisRafak+HDLfHXnKBhV3vU5eqPcS3flIWqcxJWgXHXiey3YrpaNsanY5ei1VoYEbOzijuq9BA==

json-stringify-safe@~5.0.1:
  version "5.0.1"
  resolved "https://registry.npmjs.org/json-stringify-safe/-/json-stringify-safe-5.0.1.tgz"
  integrity sha1-Epai1Y/UXxmg9s4B1lcB4sc1tus=

jsonify@~0.0.0:
  version "0.0.0"
  resolved "https://registry.npmjs.org/jsonify/-/jsonify-0.0.0.tgz"
  integrity sha1-LHS27kHZPKUbe1qu6PUDYx0lKnM=

jsprim@^1.2.2:
  version "1.4.2"
  resolved "https://registry.npmjs.org/jsprim/-/jsprim-1.4.2.tgz"
  integrity sha512-P2bSOMAc/ciLz6DzgjVlGJP9+BrJWu5UDGK70C2iweC5QBIeFf0ZXRvGjEj2uYgrY2MkAAhsSWHDWlFtEroZWw==
  dependencies:
    assert-plus "1.0.0"
    extsprintf "1.3.0"
    json-schema "0.4.0"
    verror "1.10.0"

lodash._getnative@^3.0.0:
  version "3.9.1"
  resolved "https://registry.npmjs.org/lodash._getnative/-/lodash._getnative-3.9.1.tgz"
  integrity sha1-VwvH3t5G1hzc3mh9ZdPuy6o6r/U=

lodash.isarguments@^3.0.0:
  version "3.1.0"
  resolved "https://registry.npmjs.org/lodash.isarguments/-/lodash.isarguments-3.1.0.tgz"
  integrity sha1-L1c9hcaiQon/AGY7SRwdM4/zRYo=

lodash.isarray@^3.0.0:
  version "3.0.4"
  resolved "https://registry.npmjs.org/lodash.isarray/-/lodash.isarray-3.0.4.tgz"
  integrity sha1-eeTriMNqgSKvhvhEqpvNhRtfu1U=

lodash.keys@^3.1.2:
  version "3.1.2"
  resolved "https://registry.npmjs.org/lodash.keys/-/lodash.keys-3.1.2.tgz"
  integrity sha1-TbwEcrFWvlCgsoaFXRvQsMZWCYo=
  dependencies:
    lodash._getnative "^3.0.0"
    lodash.isarguments "^3.0.0"
    lodash.isarray "^3.0.0"

lodash@^4.17.19:
  version "4.17.21"
  resolved "https://registry.npmjs.org/lodash/-/lodash-4.17.21.tgz"
  integrity sha512-v2kDEe57lecTulaDIuNTPy3Ry4gLGJ6Z1O3vE1krgXZNrsQ+LFTGHVxVjcXPs17LhbZVGedAJv8XZ1tvj5FvSg==

log4js@1.1.1:
  version "1.1.1"
  resolved "https://registry.npmjs.org/log4js/-/log4js-1.1.1.tgz"
  integrity sha1-wh0px2BAieTyVYM+f5SzRh3h/0M=
  dependencies:
    debug "^2.2.0"
    semver "^5.3.0"
    streamroller "^0.4.0"

lru-cache@4.0.2:
  version "4.0.2"
  resolved "https://registry.npmjs.org/lru-cache/-/lru-cache-4.0.2.tgz"
  integrity sha1-HRdnnAac2l0ECZGgnbwsDbN35V4=
  dependencies:
    pseudomap "^1.0.1"
    yallist "^2.0.0"

mime-db@1.46.0:
  version "1.46.0"
  resolved "https://registry.npmjs.org/mime-db/-/mime-db-1.46.0.tgz"
  integrity sha512-svXaP8UQRZ5K7or+ZmfNhg2xX3yKDMUzqadsSqi4NCH/KomcH75MAMYAGVlvXn4+b/xOPhS3I2uHKRUzvjY7BQ==

mime-db@~1.29.0:
  version "1.29.0"
  resolved "https://registry.npmjs.org/mime-db/-/mime-db-1.29.0.tgz"
  integrity sha1-SNJtI1WJZRcErFkWygYAGRQmaHg=

mime-types@2.1.16, mime-types@^2.1.12:
  version "2.1.16"
  resolved "https://registry.npmjs.org/mime-types/-/mime-types-2.1.16.tgz"
  integrity sha1-K4WKUuXs1RbbiXrCvodIeDBpjiM=
  dependencies:
    mime-db "~1.29.0"

mime-types@~2.1.19:
  version "2.1.29"
  resolved "https://registry.npmjs.org/mime-types/-/mime-types-2.1.29.tgz"
  integrity sha512-Y/jMt/S5sR9OaqteJtslsFZKWOIIqMACsJSiHghlCAyhf7jfVYjKBmLiX8OgpWeW+fjJ2b+Az69aPFPkUOY6xQ==
  dependencies:
    mime-db "1.46.0"

"minimatch@2 || 3", minimatch@^3.0.2, minimatch@^3.0.4:
  version "3.0.4"
  resolved "https://registry.npmjs.org/minimatch/-/minimatch-3.0.4.tgz"
  integrity sha512-yJHVQEhyqPLUTgt9B83PXu6W3rx4MvvHvSUvToogpwoGDOUQ+yDrR0HRot+yOCdCO7u4hX3pWft6kWBBcqh0UA==
  dependencies:
    brace-expansion "^1.1.7"

minimist@0.0.8:
  version "0.0.8"
  resolved "https://registry.npmjs.org/minimist/-/minimist-0.0.8.tgz"
  integrity sha1-hX/Kv8M5fSYluCKCYuhqp6ARsF0=

mkdirp@0.5.1, mkdirp@^0.5.1, mkdirp@~0.5.1:
  version "0.5.1"
  resolved "https://registry.npmjs.org/mkdirp/-/mkdirp-0.5.1.tgz"
  integrity sha1-MAV0OOrGz3+MR2fzhkjWaX11yQM=
  dependencies:
    minimist "0.0.8"

mkdirp@~0.3.5:
  version "0.3.5"
  resolved "https://registry.npmjs.org/mkdirp/-/mkdirp-0.3.5.tgz"
  integrity sha1-3j5fiWHIjHh+4TaN+EmsRBPsqNc=

ms@2.0.0:
  version "2.0.0"
  resolved "https://registry.npmjs.org/ms/-/ms-2.0.0.tgz"
  integrity sha1-VgiurfwAvmwpAd9fmGF4jeDVl8g=

mv@2.1.1:
  version "2.1.1"
  resolved "https://registry.npmjs.org/mv/-/mv-2.1.1.tgz"
  integrity sha1-rmzg1vbV4KT32JN5jQPB6pVZtqI=
  dependencies:
    mkdirp "~0.5.1"
    ncp "~2.0.0"
    rimraf "~2.4.0"

ncp@~2.0.0:
  version "2.0.0"
  resolved "https://registry.npmjs.org/ncp/-/ncp-2.0.0.tgz"
  integrity sha1-GVoh1sRuNh0vsSgbo4uR6d9727M=

nuclide-commons-atom@^0.7.1:
  version "0.7.1"
  resolved "https://registry.npmjs.org/nuclide-commons-atom/-/nuclide-commons-atom-0.7.1.tgz"
  integrity sha1-jFfn9n0Vt/aX3lPD5mofDJu1LE0=
  dependencies:
    async-to-generator "1.1.0"
    escape-string-regexp "1.0.5"
    idx "1.2.0"
    log4js "1.1.1"
    nuclide-commons "0.7.1"
    nullthrows "1.0.0"
    redux-logger "3.0.6"
    rxjs "5.5.5"
    semver "5.3.0"
    shallowequal "0.2.2"

nuclide-commons@0.7.1:
  version "0.7.1"
  resolved "https://registry.npmjs.org/nuclide-commons/-/nuclide-commons-0.7.1.tgz"
  integrity sha1-shxt2Ygj9sUDOrLedRMxnGyoFEM=
  dependencies:
    async-to-generator "1.1.0"
    domexception "1.0.1"
    event-kit "2.2.0"
    event-target-shim "3.0.1"
    fs-plus "2.9.3"
    glob "7.1.1"
    idx "1.2.0"
    log4js "1.1.1"
    lru-cache "4.0.2"
    mime-types "2.1.16"
    mkdirp "0.5.1"
    mv "2.1.1"
    nullthrows "1.0.0"
    rimraf "2.6.2"
    rxjs "5.5.5"
    shell-quote "1.6.1"
    temp "0.8.3"
    uuid "3.0.1"
    vscode-jsonrpc "3.3.0"
    vscode-uri "1.0.1"

nullthrows@1.0.0:
  version "1.0.0"
  resolved "https://registry.npmjs.org/nullthrows/-/nullthrows-1.0.0.tgz"
  integrity sha1-NHFeU7nevgdQp3Iz/UlKWDWi2Zk=

oauth-sign@~0.9.0:
  version "0.9.0"
  resolved "https://registry.npmjs.org/oauth-sign/-/oauth-sign-0.9.0.tgz"
  integrity sha512-fexhUFFPTGV8ybAtSIGbV6gOkSv8UtRbDBnAyLQw4QPKkgNlsH2ByPGtMUqdWkos6YCRmAqViwgZrJc/mRDzZQ==

once@^1.3.0:
  version "1.4.0"
  resolved "https://registry.npmjs.org/once/-/once-1.4.0.tgz"
  integrity sha1-WDsap3WWHUsROsF9nFC6753Xa9E=
  dependencies:
    wrappy "1"

os-tmpdir@^1.0.0:
  version "1.0.2"
  resolved "https://registry.npmjs.org/os-tmpdir/-/os-tmpdir-1.0.2.tgz"
  integrity sha1-u+Z0BseaqFxc/sdm/lc0VV36EnQ=

path-is-absolute@^1.0.0:
  version "1.0.1"
  resolved "https://registry.npmjs.org/path-is-absolute/-/path-is-absolute-1.0.1.tgz"
  integrity sha1-F0uSaHNVNP+8es5r9TpanhtcX18=

path@^0.12.7:
  version "0.12.7"
  resolved "https://registry.npmjs.org/path/-/path-0.12.7.tgz"
  integrity sha1-1NwqUGxM4hl+tIHr/NWzbAFAsQ8=
  dependencies:
    process "^0.11.1"
    util "^0.10.3"

performance-now@^2.1.0:
  version "2.1.0"
  resolved "https://registry.npmjs.org/performance-now/-/performance-now-2.1.0.tgz"
  integrity sha1-Ywn04OX6kT7BxpMHrjZLSzd8nns=

process@^0.11.1:
  version "0.11.10"
  resolved "https://registry.npmjs.org/process/-/process-0.11.10.tgz"
  integrity sha1-czIwDoQBYb2j5podHZGn1LwW8YI=

pseudomap@^1.0.1:
  version "1.0.2"
  resolved "https://registry.npmjs.org/pseudomap/-/pseudomap-1.0.2.tgz"
  integrity sha1-8FKijacOYYkX7wqKw0wa5aaChrM=

psl@^1.1.28:
  version "1.8.0"
  resolved "https://registry.npmjs.org/psl/-/psl-1.8.0.tgz"
  integrity sha512-RIdOzyoavK+hA18OGGWDqUTsCLhtA7IcZ/6NCs4fFJaHBDab+pDDmDIByWFRQJq2Cd7r1OoQxBGKOaztq+hjIQ==

punycode@^2.1.0, punycode@^2.1.1:
  version "2.1.1"
  resolved "https://registry.npmjs.org/punycode/-/punycode-2.1.1.tgz"
  integrity sha512-XRsRjdf+j5ml+y/6GKHPZbrF/8p2Yga0JPtdqTIY2Xe5ohJPD9saDJJLPvp9+NSBprVvevdXZybnj2cv8OEd0A==

qs@~6.5.2:
  version "6.5.2"
  resolved "https://registry.npmjs.org/qs/-/qs-6.5.2.tgz"
  integrity sha512-N5ZAX4/LxJmF+7wN74pUD6qAh9/wnvdQcjq9TZjevvXzSUo7bfmw91saqMjzGS2xq91/odN2dW/WOl7qQHNDGA==

readable-stream@^1.1.7:
  version "1.1.14"
  resolved "https://registry.npmjs.org/readable-stream/-/readable-stream-1.1.14.tgz"
  integrity sha1-fPTFTvZI44EwhMY23SB54WbAgdk=
  dependencies:
    core-util-is "~1.0.0"
    inherits "~2.0.1"
    isarray "0.0.1"
    string_decoder "~0.10.x"

redux-logger@3.0.6:
  version "3.0.6"
  resolved "https://registry.npmjs.org/redux-logger/-/redux-logger-3.0.6.tgz"
  integrity sha1-91VZZvMJjzyIYExEnPC69XeCdL8=
  dependencies:
    deep-diff "^0.3.5"

request-promise-core@1.1.4:
  version "1.1.4"
  resolved "https://registry.npmjs.org/request-promise-core/-/request-promise-core-1.1.4.tgz"
  integrity sha512-TTbAfBBRdWD7aNNOoVOBH4pN/KigV6LyapYNNlAPA8JwbovRti1E88m3sYAwsLi5ryhPKsE9APwnjFTgdUjTpw==
  dependencies:
    lodash "^4.17.19"

request-promise-native@^1.0.9:
  version "1.0.9"
  resolved "https://registry.npmjs.org/request-promise-native/-/request-promise-native-1.0.9.tgz"
  integrity sha512-wcW+sIUiWnKgNY0dqCpOZkUbF/I+YPi+f09JZIDa39Ec+q82CpSYniDp+ISgTTbKmnpJWASeJBPZmoxH84wt3g==
  dependencies:
    request-promise-core "1.1.4"
    stealthy-require "^1.1.1"
    tough-cookie "^2.3.3"

request@^2.88.2:
  version "2.88.2"
  resolved "https://registry.npmjs.org/request/-/request-2.88.2.tgz"
  integrity sha512-MsvtOrfG9ZcrOwAW+Qi+F6HbD0CWXEh9ou77uOb7FM2WPhwT7smM833PzanhJLsgXjN89Ir6V2PczXNnMpwKhw==
  dependencies:
    aws-sign2 "~0.7.0"
    aws4 "^1.8.0"
    caseless "~0.12.0"
    combined-stream "~1.0.6"
    extend "~3.0.2"
    forever-agent "~0.6.1"
    form-data "~2.3.2"
    har-validator "~5.1.3"
    http-signature "~1.2.0"
    is-typedarray "~1.0.0"
    isstream "~0.1.2"
    json-stringify-safe "~5.0.1"
    mime-types "~2.1.19"
    oauth-sign "~0.9.0"
    performance-now "^2.1.0"
    qs "~6.5.2"
    safe-buffer "^5.1.2"
    tough-cookie "~2.5.0"
    tunnel-agent "^0.6.0"
    uuid "^3.3.2"

rimraf@2.6.2:
  version "2.6.2"
  resolved "https://registry.npmjs.org/rimraf/-/rimraf-2.6.2.tgz"
  integrity sha512-lreewLK/BlghmxtfH36YYVg1i8IAce4TI7oao75I1g245+6BctqTVQiBP3YUJ9C6DQOXJmkYR9X9fCLtCOJc5w==
  dependencies:
    glob "^7.0.5"

rimraf@^3.0.0:
  version "3.0.2"
  resolved "https://registry.npmjs.org/rimraf/-/rimraf-3.0.2.tgz"
  integrity sha512-JZkJMZkAGFFPP2YqXZXPbMlMBgsxzE8ILs4lMIX/2o0L9UBw9O/Y3o6wFw/i9YLapcUJWwqbi3kdxIPdC62TIA==
  dependencies:
    glob "^7.1.3"

rimraf@~2.2.2, rimraf@~2.2.6:
  version "2.2.8"
  resolved "https://registry.npmjs.org/rimraf/-/rimraf-2.2.8.tgz"
  integrity sha1-5Dm+Kq7jJzIZUnMPmaiSnk/FBYI=

rimraf@~2.4.0:
  version "2.4.5"
  resolved "https://registry.npmjs.org/rimraf/-/rimraf-2.4.5.tgz"
  integrity sha1-7nEM5dk6j9uFb7Xqj/Di11k0sto=
  dependencies:
    glob "^6.0.1"

rxjs@5.5.5:
  version "5.5.5"
  resolved "https://registry.npmjs.org/rxjs/-/rxjs-5.5.5.tgz"
  integrity sha512-D/MfQnPMBk8P8gfwGxvCkuaWBcG58W7dUMT//URPoYzIbDEKT0GezdirkK5whMgKFBATfCoTpxO8bJQGJ04W5A==
  dependencies:
    symbol-observable "1.0.1"

safe-buffer@^5.0.1, safe-buffer@^5.1.2:
  version "5.2.1"
  resolved "https://registry.npmjs.org/safe-buffer/-/safe-buffer-5.2.1.tgz"
  integrity sha512-rp3So07KcdmmKbGvgaNxQSJr7bGVSVk5S9Eq1F+ppbRo70+YeaDxkw5Dd8NPN+GD6bjnYm2VuPuCXmpuYvmCXQ==

safer-buffer@^2.0.2, safer-buffer@^2.1.0, safer-buffer@~2.1.0:
  version "2.1.2"
  resolved "https://registry.npmjs.org/safer-buffer/-/safer-buffer-2.1.2.tgz"
  integrity sha512-YZo3K82SD7Riyi0E1EQPojLz7kpepnSQI9IyPbHHg1XXXevb5dJI7tpyN2ADxGcQbHG7vcyRHk0cbwqcQriUtg==

sb-fs@^4.0.0:
  version "4.0.0"
  resolved "https://registry.npmjs.org/sb-fs/-/sb-fs-4.0.0.tgz"
  integrity sha512-UjjIHC4uahPWvKYqgknvFCCJ11S0oDahz+nsmyTCAmARKto31aoE+Lu7GGGK0nogengJEKGzFdh46ho5+IL88Q==
  dependencies:
    strip-bom-buf "^1.0.0"

semver@5.3.0:
  version "5.3.0"
  resolved "https://registry.npmjs.org/semver/-/semver-5.3.0.tgz"
  integrity sha1-myzl094C0XxgEq0yaqa00M9U+U8=

semver@^5.3.0:
  version "5.7.1"
  resolved "https://registry.npmjs.org/semver/-/semver-5.7.1.tgz"
  integrity sha512-sauaDf/PZdVgrLTNYHRtpXa1iRiKcaebiKQ1BJdpQlWH2lCvexQdX55snPFyK7QzpudqbCI0qXFfOasHdyNDGQ==

semver@^6.0.0:
  version "6.3.0"
  resolved "https://registry.npmjs.org/semver/-/semver-6.3.0.tgz"
  integrity sha512-b39TBaTSfV6yBrapU89p5fKekE2m/NwnDocOVruQFS1/veMgdzuPcnOM34M6CwxW8jH/lxEa5rBoDeUwu5HHTw==

shallowequal@0.2.2:
  version "0.2.2"
  resolved "https://registry.npmjs.org/shallowequal/-/shallowequal-0.2.2.tgz"
  integrity sha1-HjL9W8q2rWiKSBLLDMBO/HXHAU4=
  dependencies:
    lodash.keys "^3.1.2"

shell-quote@1.6.1:
  version "1.6.1"
  resolved "https://registry.npmjs.org/shell-quote/-/shell-quote-1.6.1.tgz"
  integrity sha1-9HgZSczkAmlxJ0MOo7PFR29IF2c=
  dependencies:
    array-filter "~0.0.0"
    array-map "~0.0.0"
    array-reduce "~0.0.0"
    jsonify "~0.0.0"

sshpk@^1.7.0:
  version "1.16.1"
  resolved "https://registry.npmjs.org/sshpk/-/sshpk-1.16.1.tgz"
  integrity sha512-HXXqVUq7+pcKeLqqZj6mHFUMvXtOJt1uoUx09pFW6011inTMxqI8BA8PM95myrIyyKwdnzjdFjLiE6KBPVtJIg==
  dependencies:
    asn1 "~0.2.3"
    assert-plus "^1.0.0"
    bcrypt-pbkdf "^1.0.0"
    dashdash "^1.12.0"
    ecc-jsbn "~0.1.1"
    getpass "^0.1.1"
    jsbn "~0.1.0"
    safer-buffer "^2.0.2"
    tweetnacl "~0.14.0"

stealthy-require@^1.1.1:
  version "1.1.1"
  resolved "https://registry.npmjs.org/stealthy-require/-/stealthy-require-1.1.1.tgz"
  integrity sha1-NbCYdbT/SfJqd35QmzCQoyJr8ks=

streamroller@^0.4.0:
  version "0.4.1"
  resolved "https://registry.npmjs.org/streamroller/-/streamroller-0.4.1.tgz"
  integrity sha1-1DW9WXQ3Or2b2QaDWVEwhRBswF8=
  dependencies:
    date-format "^0.0.0"
    debug "^0.7.2"
    mkdirp "^0.5.1"
    readable-stream "^1.1.7"

string_decoder@~0.10.x:
  version "0.10.31"
  resolved "https://registry.npmjs.org/string_decoder/-/string_decoder-0.10.31.tgz"
  integrity sha1-YuIDvEF2bGwoyfyEMB2rHFMQ+pQ=

strip-bom-buf@^1.0.0:
  version "1.0.0"
  resolved "https://registry.npmjs.org/strip-bom-buf/-/strip-bom-buf-1.0.0.tgz"
  integrity sha1-HLRar1dTD0yvhsf3UXnSyaUd1XI=
  dependencies:
    is-utf8 "^0.2.1"

symbol-observable@1.0.1:
  version "1.0.1"
  resolved "https://registry.npmjs.org/symbol-observable/-/symbol-observable-1.0.1.tgz"
  integrity sha1-g0D8RwLDEi310iKI+IKD9RPT/dQ=

temp@0.8.3:
  version "0.8.3"
  resolved "https://registry.npmjs.org/temp/-/temp-0.8.3.tgz"
  integrity sha1-4Ma8TSa5AxJEEOT+2BEDAU38H1k=
  dependencies:
    os-tmpdir "^1.0.0"
    rimraf "~2.2.6"

tmp@0.2.1:
  version "0.2.1"
  resolved "https://registry.npmjs.org/tmp/-/tmp-0.2.1.tgz"
  integrity sha512-76SUhtfqR2Ijn+xllcI5P1oyannHNHByD80W1q447gU3mp9G9PSpGdWmjUOHRDPiHYacIk66W7ubDTuPF3BEtQ==
  dependencies:
    rimraf "^3.0.0"

tough-cookie@^2.3.3, tough-cookie@~2.5.0:
  version "2.5.0"
  resolved "https://registry.npmjs.org/tough-cookie/-/tough-cookie-2.5.0.tgz"
  integrity sha512-nlLsUzgm1kfLXSXfRZMc1KLAugd4hqJHDTvc2hDIwS3mZAfMEuMbc03SujMF+GEcpaX/qboeycw6iO8JwVv2+g==
  dependencies:
    psl "^1.1.28"
    punycode "^2.1.1"

tunnel-agent@^0.6.0:
  version "0.6.0"
  resolved "https://registry.npmjs.org/tunnel-agent/-/tunnel-agent-0.6.0.tgz"
  integrity sha1-J6XeoGs2sEoKmWZ3SykIaPD8QP0=
  dependencies:
    safe-buffer "^5.0.1"

tweetnacl@^0.14.3, tweetnacl@~0.14.0:
  version "0.14.5"
  resolved "https://registry.npmjs.org/tweetnacl/-/tweetnacl-0.14.5.tgz"
  integrity sha1-WuaBd/GS1EViadEIr6k/+HQ/T2Q=

underscore-plus@1.x:
  version "1.7.0"
  resolved "https://registry.npmjs.org/underscore-plus/-/underscore-plus-1.7.0.tgz"
  integrity sha512-A3BEzkeicFLnr+U/Q3EyWwJAQPbA19mtZZ4h+lLq3ttm9kn8WC4R3YpuJZEXmWdLjYP47Zc8aLZm9kwdv+zzvA==
  dependencies:
    underscore "^1.9.1"

underscore@^1.9.1:
  version "1.13.2"
  resolved "https://registry.npmjs.org/underscore/-/underscore-1.13.2.tgz"
  integrity sha512-ekY1NhRzq0B08g4bGuX4wd2jZx5GnKz6mKSqFL4nqBlfyMGiG10gDFhDTMEfYmDL6Jy0FUIZp7wiRB+0BP7J2g==

uri-js@^4.2.2:
  version "4.4.1"
  resolved "https://registry.npmjs.org/uri-js/-/uri-js-4.4.1.tgz"
  integrity sha512-7rKUyy33Q1yc98pQ1DAmLtwX109F7TIfWlW1Ydo8Wl1ii1SeHieeh0HHfPeL2fMXK6z0s8ecKs9frCuLJvndBg==
  dependencies:
    punycode "^2.1.0"

util@^0.10.3:
  version "0.10.4"
  resolved "https://registry.npmjs.org/util/-/util-0.10.4.tgz"
  integrity sha512-0Pm9hTQ3se5ll1XihRic3FDIku70C+iHUdT/W926rSgHV5QgXsYbKZN8MSC3tJtSkhuROzvsQjAaFENRXr+19A==
  dependencies:
    inherits "2.0.3"

uuid@3.0.1:
  version "3.0.1"
  resolved "https://registry.npmjs.org/uuid/-/uuid-3.0.1.tgz"
  integrity sha1-ZUS7ot/ajBzxfmKaOjBeK7H+5sE=

uuid@^3.3.2:
  version "3.4.0"
  resolved "https://registry.npmjs.org/uuid/-/uuid-3.4.0.tgz"
  integrity sha512-HjSDRw6gZE5JMggctHBcjVak08+KEVhSIiDzFnT9S9aegmp85S/bReBVTb4QTFaRNptJ9kuYaNhnbNEOkbKb/A==

verror@1.10.0:
  version "1.10.0"
  resolved "https://registry.npmjs.org/verror/-/verror-1.10.0.tgz"
  integrity sha1-OhBcoXBTr1XW4nDB+CiGguGNpAA=
  dependencies:
    assert-plus "^1.0.0"
    core-util-is "1.0.2"
    extsprintf "^1.2.0"

vscode-jsonrpc@3.3.0:
  version "3.3.0"
  resolved "https://registry.npmjs.org/vscode-jsonrpc/-/vscode-jsonrpc-3.3.0.tgz"
  integrity sha512-a4dTM+nU6C9fNVfcZuJODpSiVsFNx/u5dwkEBbbPtftUhnnwlO9tacnudhKoY9+FVpSlgQ3QTR9rltRm0U8nhg==

vscode-jsonrpc@4.0.0:
  version "4.0.0"
  resolved "https://registry.npmjs.org/vscode-jsonrpc/-/vscode-jsonrpc-4.0.0.tgz"
  integrity sha512-perEnXQdQOJMTDFNv+UF3h1Y0z4iSiaN9jIlb0OqIYgosPCZGYh/MCUlkFtV2668PL69lRDO32hmvL2yiidUYg==

vscode-jsonrpc@^3.6.2:
  version "3.6.2"
  resolved "https://registry.npmjs.org/vscode-jsonrpc/-/vscode-jsonrpc-3.6.2.tgz"
  integrity sha512-T24Jb5V48e4VgYliUXMnZ379ItbrXgOimweKaJshD84z+8q7ZOZjJan0MeDe+Ugb+uqERDVV8SBmemaGMSMugA==

vscode-languageserver-protocol@3.12.0:
  version "3.12.0"
  resolved "https://registry.npmjs.org/vscode-languageserver-protocol/-/vscode-languageserver-protocol-3.12.0.tgz"
  integrity sha512-evY6hmyzLnwQrqlQWPrNBq1z8wrSNjLesmgPzeS6Zv11mVS5UJRel26hbM/DH5tHdn45huNzRW0eFHRmIm8LpA==
  dependencies:
    vscode-jsonrpc "^3.6.2"
    vscode-languageserver-types "^3.12.0"

vscode-languageserver-types@3.12.0, vscode-languageserver-types@^3.12.0:
  version "3.12.0"
  resolved "https://registry.npmjs.org/vscode-languageserver-types/-/vscode-languageserver-types-3.12.0.tgz"
  integrity sha512-UxqnpzBToPO7Mi2tr/s5JeyPOSKSJtLB8lIdxCg9ZNdvP2cU8wS7iTDtwQKz91Ne4CUmTdf85ddR5SIZKXmMjQ==

vscode-uri@1.0.1:
  version "1.0.1"
  resolved "https://registry.npmjs.org/vscode-uri/-/vscode-uri-1.0.1.tgz"
  integrity sha1-Eahr7+rDxKo+wIYjZRo8gabQu8g=

webidl-conversions@^4.0.2:
  version "4.0.2"
  resolved "https://registry.npmjs.org/webidl-conversions/-/webidl-conversions-4.0.2.tgz"
  integrity sha512-YQ+BmxuTgd6UXZW3+ICGfyqRyHXVlD5GtQr5+qjiNW7bF0cqrzX500HVXPBOvgXb5YnzDd+h0zqyv61KUD7+Sg==

wrappy@1:
  version "1.0.2"
  resolved "https://registry.npmjs.org/wrappy/-/wrappy-1.0.2.tgz"
  integrity sha1-tSQ9jz7BqjXxNkYFvA0QNuMKtp8=

yallist@^2.0.0:
  version "2.1.2"
  resolved "https://registry.npmjs.org/yallist/-/yallist-2.1.2.tgz"
  integrity sha1-HBH5IY8HYImkfdUS+TxmmaaoHVI=

yarn@^1.22.10:
  version "1.22.10"
  resolved "https://registry.npmjs.org/yarn/-/yarn-1.22.10.tgz"
  integrity sha512-IanQGI9RRPAN87VGTF7zs2uxkSyQSrSPsju0COgbsKQOOXr5LtcVPeyXWgwVa0ywG3d8dg6kSYKGBuYK021qeA==
